
Microsoft Visual Studio Solution File, Format Version 12.00
# Visual Studio 15
VisualStudioVersion = 15.0.27130.2010
MinimumVisualStudioVersion = 10.0.40219.1
Project("{FAE04EC0-301F-11D3-BF4B-00C04F79EFBC}") = "Application", "Application\Application.csproj", "{3B71952E-B0F7-43A5-A3EE-F4B7AA278560}"
EndProject
Project("{FAE04EC0-301F-11D3-BF4B-00C04F79EFBC}") = "Core", "Core\Core.csproj", "{A103B1BD-322F-4A8F-B0EB-58393DE5D453}"
EndProject
Project("{FAE04EC0-301F-11D3-BF4B-00C04F79EFBC}") = "KinectFactory", "KinectFactory\KinectFactory.csproj", "{67644FFE-D3E4-4670-94A7-B12F076857C4}"
EndProject
Project("{FAE04EC0-301F-11D3-BF4B-00C04F79EFBC}") = "FSDKFaceLib", "LuxandFace\FSDKFaceLib.csproj", "{8D843BC1-7761-4369-856B-F5631FECE665}"
EndProject
Project("{FAE04EC0-301F-11D3-BF4B-00C04F79EFBC}") = "Kinect360", "Kinect360\Kinect360.csproj", "{06501C40-B1C2-4F80-8FB3-C9CDB390649B}"
EndProject
Project("{FAE04EC0-301F-11D3-BF4B-00C04F79EFBC}") = "KinectOne", "KinectOne\KinectOne.csproj", "{90DCA39A-DC42-4D9A-8F85-7CAD272350BB}"
EndProject
Project("{FAE04EC0-301F-11D3-BF4B-00C04F79EFBC}") = "KinectFaceTracker", "KinectFaceTracker\KinectFaceTracker.csproj", "{6A321CE4-251C-479F-BD14-A67614256E20}"
EndProject
Global
	GlobalSection(SolutionConfigurationPlatforms) = preSolution
		360|Any CPU = 360|Any CPU
		360|x64 = 360|x64
		360|x86 = 360|x86
		360Release|Any CPU = 360Release|Any CPU
		360Release|x64 = 360Release|x64
		360Release|x86 = 360Release|x86
		Debug|Any CPU = Debug|Any CPU
		Debug|x64 = Debug|x64
		Debug|x86 = Debug|x86
		One|Any CPU = One|Any CPU
		One|x64 = One|x64
		One|x86 = One|x86
		OneRelease|Any CPU = OneRelease|Any CPU
		OneRelease|x64 = OneRelease|x64
		OneRelease|x86 = OneRelease|x86
		Release|Any CPU = Release|Any CPU
		Release|x64 = Release|x64
		Release|x86 = Release|x86
	EndGlobalSection
	GlobalSection(ProjectConfigurationPlatforms) = postSolution
		{3B71952E-B0F7-43A5-A3EE-F4B7AA278560}.360|Any CPU.ActiveCfg = Debug|Any CPU
		{3B71952E-B0F7-43A5-A3EE-F4B7AA278560}.360|Any CPU.Build.0 = Debug|Any CPU
		{3B71952E-B0F7-43A5-A3EE-F4B7AA278560}.360|x64.ActiveCfg = Debug|x64
		{3B71952E-B0F7-43A5-A3EE-F4B7AA278560}.360|x64.Build.0 = Debug|x64
		{3B71952E-B0F7-43A5-A3EE-F4B7AA278560}.360|x86.ActiveCfg = 360|Any CPU
		{3B71952E-B0F7-43A5-A3EE-F4B7AA278560}.360|x86.Build.0 = 360|Any CPU
		{3B71952E-B0F7-43A5-A3EE-F4B7AA278560}.360Release|Any CPU.ActiveCfg = Release|Any CPU
		{3B71952E-B0F7-43A5-A3EE-F4B7AA278560}.360Release|Any CPU.Build.0 = Release|Any CPU
		{3B71952E-B0F7-43A5-A3EE-F4B7AA278560}.360Release|x64.ActiveCfg = Release|x64
		{3B71952E-B0F7-43A5-A3EE-F4B7AA278560}.360Release|x64.Build.0 = Release|x64
		{3B71952E-B0F7-43A5-A3EE-F4B7AA278560}.360Release|x86.ActiveCfg = 360Release|Any CPU
		{3B71952E-B0F7-43A5-A3EE-F4B7AA278560}.360Release|x86.Build.0 = 360Release|Any CPU
		{3B71952E-B0F7-43A5-A3EE-F4B7AA278560}.Debug|Any CPU.ActiveCfg = Debug|Any CPU
		{3B71952E-B0F7-43A5-A3EE-F4B7AA278560}.Debug|Any CPU.Build.0 = Debug|Any CPU
		{3B71952E-B0F7-43A5-A3EE-F4B7AA278560}.Debug|x64.ActiveCfg = Debug|x64
		{3B71952E-B0F7-43A5-A3EE-F4B7AA278560}.Debug|x64.Build.0 = Debug|x64
		{3B71952E-B0F7-43A5-A3EE-F4B7AA278560}.Debug|x86.ActiveCfg = Debug|Any CPU
		{3B71952E-B0F7-43A5-A3EE-F4B7AA278560}.Debug|x86.Build.0 = Debug|Any CPU
		{3B71952E-B0F7-43A5-A3EE-F4B7AA278560}.One|Any CPU.ActiveCfg = Debug|Any CPU
		{3B71952E-B0F7-43A5-A3EE-F4B7AA278560}.One|Any CPU.Build.0 = Debug|Any CPU
		{3B71952E-B0F7-43A5-A3EE-F4B7AA278560}.One|x64.ActiveCfg = Debug|x64
		{3B71952E-B0F7-43A5-A3EE-F4B7AA278560}.One|x64.Build.0 = Debug|x64
		{3B71952E-B0F7-43A5-A3EE-F4B7AA278560}.One|x86.ActiveCfg = One|Any CPU
		{3B71952E-B0F7-43A5-A3EE-F4B7AA278560}.One|x86.Build.0 = One|Any CPU
		{3B71952E-B0F7-43A5-A3EE-F4B7AA278560}.OneRelease|Any CPU.ActiveCfg = Release|Any CPU
		{3B71952E-B0F7-43A5-A3EE-F4B7AA278560}.OneRelease|Any CPU.Build.0 = Release|Any CPU
		{3B71952E-B0F7-43A5-A3EE-F4B7AA278560}.OneRelease|x64.ActiveCfg = Release|x64
		{3B71952E-B0F7-43A5-A3EE-F4B7AA278560}.OneRelease|x64.Build.0 = Release|x64
		{3B71952E-B0F7-43A5-A3EE-F4B7AA278560}.OneRelease|x86.ActiveCfg = OneRelease|Any CPU
		{3B71952E-B0F7-43A5-A3EE-F4B7AA278560}.OneRelease|x86.Build.0 = OneRelease|Any CPU
		{3B71952E-B0F7-43A5-A3EE-F4B7AA278560}.Release|Any CPU.ActiveCfg = Release|Any CPU
		{3B71952E-B0F7-43A5-A3EE-F4B7AA278560}.Release|Any CPU.Build.0 = Release|Any CPU
		{3B71952E-B0F7-43A5-A3EE-F4B7AA278560}.Release|x64.ActiveCfg = Debug|x64
		{3B71952E-B0F7-43A5-A3EE-F4B7AA278560}.Release|x64.Build.0 = Debug|x64
		{3B71952E-B0F7-43A5-A3EE-F4B7AA278560}.Release|x86.ActiveCfg = Release|Any CPU
		{3B71952E-B0F7-43A5-A3EE-F4B7AA278560}.Release|x86.Build.0 = Release|Any CPU
		{A103B1BD-322F-4A8F-B0EB-58393DE5D453}.360|Any CPU.ActiveCfg = Debug|Any CPU
		{A103B1BD-322F-4A8F-B0EB-58393DE5D453}.360|Any CPU.Build.0 = Debug|Any CPU
		{A103B1BD-322F-4A8F-B0EB-58393DE5D453}.360|x64.ActiveCfg = Debug|Any CPU
		{A103B1BD-322F-4A8F-B0EB-58393DE5D453}.360|x64.Build.0 = Debug|Any CPU
		{A103B1BD-322F-4A8F-B0EB-58393DE5D453}.360|x86.ActiveCfg = 360|Any CPU
		{A103B1BD-322F-4A8F-B0EB-58393DE5D453}.360|x86.Build.0 = 360|Any CPU
		{A103B1BD-322F-4A8F-B0EB-58393DE5D453}.360Release|Any CPU.ActiveCfg = Release|Any CPU
		{A103B1BD-322F-4A8F-B0EB-58393DE5D453}.360Release|Any CPU.Build.0 = Release|Any CPU
		{A103B1BD-322F-4A8F-B0EB-58393DE5D453}.360Release|x64.ActiveCfg = Release|Any CPU
		{A103B1BD-322F-4A8F-B0EB-58393DE5D453}.360Release|x64.Build.0 = Release|Any CPU
		{A103B1BD-322F-4A8F-B0EB-58393DE5D453}.360Release|x86.ActiveCfg = 360Release|Any CPU
		{A103B1BD-322F-4A8F-B0EB-58393DE5D453}.360Release|x86.Build.0 = 360Release|Any CPU
		{A103B1BD-322F-4A8F-B0EB-58393DE5D453}.Debug|Any CPU.ActiveCfg = Debug|Any CPU
		{A103B1BD-322F-4A8F-B0EB-58393DE5D453}.Debug|Any CPU.Build.0 = Debug|Any CPU
		{A103B1BD-322F-4A8F-B0EB-58393DE5D453}.Debug|x64.ActiveCfg = Debug|Any CPU
		{A103B1BD-322F-4A8F-B0EB-58393DE5D453}.Debug|x64.Build.0 = Debug|Any CPU
		{A103B1BD-322F-4A8F-B0EB-58393DE5D453}.Debug|x86.ActiveCfg = Debug|Any CPU
		{A103B1BD-322F-4A8F-B0EB-58393DE5D453}.Debug|x86.Build.0 = Debug|Any CPU
		{A103B1BD-322F-4A8F-B0EB-58393DE5D453}.One|Any CPU.ActiveCfg = Debug|Any CPU
		{A103B1BD-322F-4A8F-B0EB-58393DE5D453}.One|Any CPU.Build.0 = Debug|Any CPU
		{A103B1BD-322F-4A8F-B0EB-58393DE5D453}.One|x64.ActiveCfg = Debug|Any CPU
		{A103B1BD-322F-4A8F-B0EB-58393DE5D453}.One|x64.Build.0 = Debug|Any CPU
		{A103B1BD-322F-4A8F-B0EB-58393DE5D453}.One|x86.ActiveCfg = One|Any CPU
		{A103B1BD-322F-4A8F-B0EB-58393DE5D453}.One|x86.Build.0 = One|Any CPU
		{A103B1BD-322F-4A8F-B0EB-58393DE5D453}.OneRelease|Any CPU.ActiveCfg = Release|Any CPU
		{A103B1BD-322F-4A8F-B0EB-58393DE5D453}.OneRelease|Any CPU.Build.0 = Release|Any CPU
		{A103B1BD-322F-4A8F-B0EB-58393DE5D453}.OneRelease|x64.ActiveCfg = Release|Any CPU
		{A103B1BD-322F-4A8F-B0EB-58393DE5D453}.OneRelease|x64.Build.0 = Release|Any CPU
		{A103B1BD-322F-4A8F-B0EB-58393DE5D453}.OneRelease|x86.ActiveCfg = OneRelease|Any CPU
		{A103B1BD-322F-4A8F-B0EB-58393DE5D453}.OneRelease|x86.Build.0 = OneRelease|Any CPU
		{A103B1BD-322F-4A8F-B0EB-58393DE5D453}.Release|Any CPU.ActiveCfg = Release|Any CPU
		{A103B1BD-322F-4A8F-B0EB-58393DE5D453}.Release|Any CPU.Build.0 = Release|Any CPU
		{A103B1BD-322F-4A8F-B0EB-58393DE5D453}.Release|x64.ActiveCfg = Debug|Any CPU
		{A103B1BD-322F-4A8F-B0EB-58393DE5D453}.Release|x64.Build.0 = Debug|Any CPU
		{A103B1BD-322F-4A8F-B0EB-58393DE5D453}.Release|x86.ActiveCfg = Release|Any CPU
		{A103B1BD-322F-4A8F-B0EB-58393DE5D453}.Release|x86.Build.0 = Release|Any CPU
		{67644FFE-D3E4-4670-94A7-B12F076857C4}.360|Any CPU.ActiveCfg = 360|Any CPU
		{67644FFE-D3E4-4670-94A7-B12F076857C4}.360|Any CPU.Build.0 = 360|Any CPU
		{67644FFE-D3E4-4670-94A7-B12F076857C4}.360|x64.ActiveCfg = 360|Any CPU
		{67644FFE-D3E4-4670-94A7-B12F076857C4}.360|x64.Build.0 = 360|Any CPU
		{67644FFE-D3E4-4670-94A7-B12F076857C4}.360|x86.ActiveCfg = 360|Any CPU
		{67644FFE-D3E4-4670-94A7-B12F076857C4}.360|x86.Build.0 = 360|Any CPU
		{67644FFE-D3E4-4670-94A7-B12F076857C4}.360Release|Any CPU.ActiveCfg = 360Release|Any CPU
		{67644FFE-D3E4-4670-94A7-B12F076857C4}.360Release|Any CPU.Build.0 = 360Release|Any CPU
		{67644FFE-D3E4-4670-94A7-B12F076857C4}.360Release|x64.ActiveCfg = 360Release|Any CPU
		{67644FFE-D3E4-4670-94A7-B12F076857C4}.360Release|x64.Build.0 = 360Release|Any CPU
		{67644FFE-D3E4-4670-94A7-B12F076857C4}.360Release|x86.ActiveCfg = 360Release|Any CPU
		{67644FFE-D3E4-4670-94A7-B12F076857C4}.360Release|x86.Build.0 = 360Release|Any CPU
		{67644FFE-D3E4-4670-94A7-B12F076857C4}.Debug|Any CPU.ActiveCfg = Debug|Any CPU
		{67644FFE-D3E4-4670-94A7-B12F076857C4}.Debug|Any CPU.Build.0 = Debug|Any CPU
		{67644FFE-D3E4-4670-94A7-B12F076857C4}.Debug|x64.ActiveCfg = 360Release|Any CPU
		{67644FFE-D3E4-4670-94A7-B12F076857C4}.Debug|x64.Build.0 = 360Release|Any CPU
		{67644FFE-D3E4-4670-94A7-B12F076857C4}.Debug|x86.ActiveCfg = Debug|Any CPU
		{67644FFE-D3E4-4670-94A7-B12F076857C4}.Debug|x86.Build.0 = Debug|Any CPU
		{67644FFE-D3E4-4670-94A7-B12F076857C4}.One|Any CPU.ActiveCfg = One|Any CPU
		{67644FFE-D3E4-4670-94A7-B12F076857C4}.One|Any CPU.Build.0 = One|Any CPU
		{67644FFE-D3E4-4670-94A7-B12F076857C4}.One|x64.ActiveCfg = One|Any CPU
		{67644FFE-D3E4-4670-94A7-B12F076857C4}.One|x64.Build.0 = One|Any CPU
		{67644FFE-D3E4-4670-94A7-B12F076857C4}.One|x86.ActiveCfg = One|Any CPU
		{67644FFE-D3E4-4670-94A7-B12F076857C4}.One|x86.Build.0 = One|Any CPU
		{67644FFE-D3E4-4670-94A7-B12F076857C4}.OneRelease|Any CPU.ActiveCfg = OneRelease|Any CPU
		{67644FFE-D3E4-4670-94A7-B12F076857C4}.OneRelease|Any CPU.Build.0 = OneRelease|Any CPU
		{67644FFE-D3E4-4670-94A7-B12F076857C4}.OneRelease|x64.ActiveCfg = OneRelease|Any CPU
		{67644FFE-D3E4-4670-94A7-B12F076857C4}.OneRelease|x64.Build.0 = OneRelease|Any CPU
		{67644FFE-D3E4-4670-94A7-B12F076857C4}.OneRelease|x86.ActiveCfg = OneRelease|Any CPU
		{67644FFE-D3E4-4670-94A7-B12F076857C4}.OneRelease|x86.Build.0 = OneRelease|Any CPU
		{67644FFE-D3E4-4670-94A7-B12F076857C4}.Release|Any CPU.ActiveCfg = Release|Any CPU
		{67644FFE-D3E4-4670-94A7-B12F076857C4}.Release|Any CPU.Build.0 = Release|Any CPU
		{67644FFE-D3E4-4670-94A7-B12F076857C4}.Release|x64.ActiveCfg = 360Release|Any CPU
		{67644FFE-D3E4-4670-94A7-B12F076857C4}.Release|x64.Build.0 = 360Release|Any CPU
		{67644FFE-D3E4-4670-94A7-B12F076857C4}.Release|x86.ActiveCfg = Release|Any CPU
		{67644FFE-D3E4-4670-94A7-B12F076857C4}.Release|x86.Build.0 = Release|Any CPU
		{8D843BC1-7761-4369-856B-F5631FECE665}.360|Any CPU.ActiveCfg = Debug|Any CPU
		{8D843BC1-7761-4369-856B-F5631FECE665}.360|Any CPU.Build.0 = Debug|Any CPU
		{8D843BC1-7761-4369-856B-F5631FECE665}.360|x64.ActiveCfg = Debug|Any CPU
		{8D843BC1-7761-4369-856B-F5631FECE665}.360|x64.Build.0 = Debug|Any CPU
		{8D843BC1-7761-4369-856B-F5631FECE665}.360|x86.ActiveCfg = 360|Any CPU
		{8D843BC1-7761-4369-856B-F5631FECE665}.360|x86.Build.0 = 360|Any CPU
		{8D843BC1-7761-4369-856B-F5631FECE665}.360Release|Any CPU.ActiveCfg = Release|Any CPU
		{8D843BC1-7761-4369-856B-F5631FECE665}.360Release|Any CPU.Build.0 = Release|Any CPU
		{8D843BC1-7761-4369-856B-F5631FECE665}.360Release|x64.ActiveCfg = Release|Any CPU
		{8D843BC1-7761-4369-856B-F5631FECE665}.360Release|x64.Build.0 = Release|Any CPU
		{8D843BC1-7761-4369-856B-F5631FECE665}.360Release|x86.ActiveCfg = 360Release|Any CPU
		{8D843BC1-7761-4369-856B-F5631FECE665}.360Release|x86.Build.0 = 360Release|Any CPU
		{8D843BC1-7761-4369-856B-F5631FECE665}.Debug|Any CPU.ActiveCfg = Debug|Any CPU
		{8D843BC1-7761-4369-856B-F5631FECE665}.Debug|Any CPU.Build.0 = Debug|Any CPU
		{8D843BC1-7761-4369-856B-F5631FECE665}.Debug|x64.ActiveCfg = Debug|Any CPU
		{8D843BC1-7761-4369-856B-F5631FECE665}.Debug|x64.Build.0 = Debug|Any CPU
		{8D843BC1-7761-4369-856B-F5631FECE665}.Debug|x86.ActiveCfg = Debug|Any CPU
		{8D843BC1-7761-4369-856B-F5631FECE665}.Debug|x86.Build.0 = Debug|Any CPU
		{8D843BC1-7761-4369-856B-F5631FECE665}.One|Any CPU.ActiveCfg = Debug|Any CPU
		{8D843BC1-7761-4369-856B-F5631FECE665}.One|Any CPU.Build.0 = Debug|Any CPU
		{8D843BC1-7761-4369-856B-F5631FECE665}.One|x64.ActiveCfg = Debug|x64
		{8D843BC1-7761-4369-856B-F5631FECE665}.One|x64.Build.0 = Debug|x64
		{8D843BC1-7761-4369-856B-F5631FECE665}.One|x86.ActiveCfg = One|Any CPU
		{8D843BC1-7761-4369-856B-F5631FECE665}.One|x86.Build.0 = One|Any CPU
		{8D843BC1-7761-4369-856B-F5631FECE665}.OneRelease|Any CPU.ActiveCfg = Release|Any CPU
		{8D843BC1-7761-4369-856B-F5631FECE665}.OneRelease|Any CPU.Build.0 = Release|Any CPU
		{8D843BC1-7761-4369-856B-F5631FECE665}.OneRelease|x64.ActiveCfg = Release|x64
		{8D843BC1-7761-4369-856B-F5631FECE665}.OneRelease|x64.Build.0 = Release|x64
		{8D843BC1-7761-4369-856B-F5631FECE665}.OneRelease|x86.ActiveCfg = OneRelease|Any CPU
		{8D843BC1-7761-4369-856B-F5631FECE665}.OneRelease|x86.Build.0 = OneRelease|Any CPU
		{8D843BC1-7761-4369-856B-F5631FECE665}.Release|Any CPU.ActiveCfg = Release|Any CPU
		{8D843BC1-7761-4369-856B-F5631FECE665}.Release|Any CPU.Build.0 = Release|Any CPU
		{8D843BC1-7761-4369-856B-F5631FECE665}.Release|x64.ActiveCfg = Debug|Any CPU
		{8D843BC1-7761-4369-856B-F5631FECE665}.Release|x64.Build.0 = Debug|Any CPU
		{8D843BC1-7761-4369-856B-F5631FECE665}.Release|x86.ActiveCfg = Release|Any CPU
		{8D843BC1-7761-4369-856B-F5631FECE665}.Release|x86.Build.0 = Release|Any CPU
		{06501C40-B1C2-4F80-8FB3-C9CDB390649B}.360|Any CPU.ActiveCfg = Debug|Any CPU
		{06501C40-B1C2-4F80-8FB3-C9CDB390649B}.360|Any CPU.Build.0 = Debug|Any CPU
		{06501C40-B1C2-4F80-8FB3-C9CDB390649B}.360|x64.ActiveCfg = Debug|Any CPU
		{06501C40-B1C2-4F80-8FB3-C9CDB390649B}.360|x64.Build.0 = Debug|Any CPU
		{06501C40-B1C2-4F80-8FB3-C9CDB390649B}.360|x86.ActiveCfg = 360|Any CPU
		{06501C40-B1C2-4F80-8FB3-C9CDB390649B}.360|x86.Build.0 = 360|Any CPU
		{06501C40-B1C2-4F80-8FB3-C9CDB390649B}.360Release|Any CPU.ActiveCfg = Release|Any CPU
		{06501C40-B1C2-4F80-8FB3-C9CDB390649B}.360Release|Any CPU.Build.0 = Release|Any CPU
		{06501C40-B1C2-4F80-8FB3-C9CDB390649B}.360Release|x64.ActiveCfg = Release|Any CPU
		{06501C40-B1C2-4F80-8FB3-C9CDB390649B}.360Release|x86.ActiveCfg = 360Release|Any CPU
		{06501C40-B1C2-4F80-8FB3-C9CDB390649B}.360Release|x86.Build.0 = 360Release|Any CPU
		{06501C40-B1C2-4F80-8FB3-C9CDB390649B}.Debug|Any CPU.ActiveCfg = Debug|Any CPU
		{06501C40-B1C2-4F80-8FB3-C9CDB390649B}.Debug|Any CPU.Build.0 = Debug|Any CPU
		{06501C40-B1C2-4F80-8FB3-C9CDB390649B}.Debug|x64.ActiveCfg = Debug|Any CPU
		{06501C40-B1C2-4F80-8FB3-C9CDB390649B}.Debug|x64.Build.0 = Debug|Any CPU
		{06501C40-B1C2-4F80-8FB3-C9CDB390649B}.Debug|x86.ActiveCfg = Debug|Any CPU
		{06501C40-B1C2-4F80-8FB3-C9CDB390649B}.Debug|x86.Build.0 = Debug|Any CPU
		{06501C40-B1C2-4F80-8FB3-C9CDB390649B}.One|Any CPU.ActiveCfg = Debug|Any CPU
		{06501C40-B1C2-4F80-8FB3-C9CDB390649B}.One|x64.ActiveCfg = Debug|Any CPU
		{06501C40-B1C2-4F80-8FB3-C9CDB390649B}.One|x86.ActiveCfg = One|Any CPU
		{06501C40-B1C2-4F80-8FB3-C9CDB390649B}.One|x86.Build.0 = One|Any CPU
		{06501C40-B1C2-4F80-8FB3-C9CDB390649B}.OneRelease|Any CPU.ActiveCfg = Release|Any CPU
		{06501C40-B1C2-4F80-8FB3-C9CDB390649B}.OneRelease|x64.ActiveCfg = Release|Any CPU
		{06501C40-B1C2-4F80-8FB3-C9CDB390649B}.OneRelease|x86.ActiveCfg = OneRelease|Any CPU
		{06501C40-B1C2-4F80-8FB3-C9CDB390649B}.OneRelease|x86.Build.0 = OneRelease|Any CPU
		{06501C40-B1C2-4F80-8FB3-C9CDB390649B}.Release|Any CPU.ActiveCfg = Release|Any CPU
		{06501C40-B1C2-4F80-8FB3-C9CDB390649B}.Release|Any CPU.Build.0 = Release|Any CPU
		{06501C40-B1C2-4F80-8FB3-C9CDB390649B}.Release|x64.ActiveCfg = Debug|Any CPU
		{06501C40-B1C2-4F80-8FB3-C9CDB390649B}.Release|x64.Build.0 = Release|Any CPU
		{06501C40-B1C2-4F80-8FB3-C9CDB390649B}.Release|x86.ActiveCfg = Release|Any CPU
		{06501C40-B1C2-4F80-8FB3-C9CDB390649B}.Release|x86.Build.0 = Release|Any CPU
		{90DCA39A-DC42-4D9A-8F85-7CAD272350BB}.360|Any CPU.ActiveCfg = Debug|Any CPU
		{90DCA39A-DC42-4D9A-8F85-7CAD272350BB}.360|x64.ActiveCfg = Debug|Any CPU
		{90DCA39A-DC42-4D9A-8F85-7CAD272350BB}.360|x86.ActiveCfg = 360|Any CPU
		{90DCA39A-DC42-4D9A-8F85-7CAD272350BB}.360|x86.Build.0 = 360|Any CPU
		{90DCA39A-DC42-4D9A-8F85-7CAD272350BB}.360Release|Any CPU.ActiveCfg = Release|Any CPU
		{90DCA39A-DC42-4D9A-8F85-7CAD272350BB}.360Release|x64.ActiveCfg = Release|Any CPU
		{90DCA39A-DC42-4D9A-8F85-7CAD272350BB}.360Release|x86.ActiveCfg = 360Release|Any CPU
		{90DCA39A-DC42-4D9A-8F85-7CAD272350BB}.360Release|x86.Build.0 = 360Release|Any CPU
		{90DCA39A-DC42-4D9A-8F85-7CAD272350BB}.Debug|Any CPU.ActiveCfg = Debug|Any CPU
		{90DCA39A-DC42-4D9A-8F85-7CAD272350BB}.Debug|Any CPU.Build.0 = Debug|Any CPU
		{90DCA39A-DC42-4D9A-8F85-7CAD272350BB}.Debug|x64.ActiveCfg = Debug|Any CPU
		{90DCA39A-DC42-4D9A-8F85-7CAD272350BB}.Debug|x64.Build.0 = Debug|Any CPU
		{90DCA39A-DC42-4D9A-8F85-7CAD272350BB}.Debug|x86.ActiveCfg = Debug|Any CPU
		{90DCA39A-DC42-4D9A-8F85-7CAD272350BB}.Debug|x86.Build.0 = Debug|Any CPU
		{90DCA39A-DC42-4D9A-8F85-7CAD272350BB}.One|Any CPU.ActiveCfg = Debug|Any CPU
		{90DCA39A-DC42-4D9A-8F85-7CAD272350BB}.One|Any CPU.Build.0 = Debug|Any CPU
		{90DCA39A-DC42-4D9A-8F85-7CAD272350BB}.One|x64.ActiveCfg = Debug|Any CPU
		{90DCA39A-DC42-4D9A-8F85-7CAD272350BB}.One|x64.Build.0 = Debug|Any CPU
		{90DCA39A-DC42-4D9A-8F85-7CAD272350BB}.One|x86.ActiveCfg = One|Any CPU
		{90DCA39A-DC42-4D9A-8F85-7CAD272350BB}.One|x86.Build.0 = One|Any CPU
		{90DCA39A-DC42-4D9A-8F85-7CAD272350BB}.OneRelease|Any CPU.ActiveCfg = Release|Any CPU
		{90DCA39A-DC42-4D9A-8F85-7CAD272350BB}.OneRelease|Any CPU.Build.0 = Release|Any CPU
		{90DCA39A-DC42-4D9A-8F85-7CAD272350BB}.OneRelease|x64.ActiveCfg = Release|Any CPU
		{90DCA39A-DC42-4D9A-8F85-7CAD272350BB}.OneRelease|x86.ActiveCfg = OneRelease|Any CPU
		{90DCA39A-DC42-4D9A-8F85-7CAD272350BB}.OneRelease|x86.Build.0 = OneRelease|Any CPU
		{90DCA39A-DC42-4D9A-8F85-7CAD272350BB}.Release|Any CPU.ActiveCfg = Release|Any CPU
		{90DCA39A-DC42-4D9A-8F85-7CAD272350BB}.Release|Any CPU.Build.0 = Release|Any CPU
		{90DCA39A-DC42-4D9A-8F85-7CAD272350BB}.Release|x64.ActiveCfg = Debug|Any CPU
		{90DCA39A-DC42-4D9A-8F85-7CAD272350BB}.Release|x64.Build.0 = Release|Any CPU
		{90DCA39A-DC42-4D9A-8F85-7CAD272350BB}.Release|x86.ActiveCfg = Release|Any CPU
		{90DCA39A-DC42-4D9A-8F85-7CAD272350BB}.Release|x86.Build.0 = Release|Any CPU
		{6A321CE4-251C-479F-BD14-A67614256E20}.360|Any CPU.ActiveCfg = Debug|Any CPU
		{6A321CE4-251C-479F-BD14-A67614256E20}.360|Any CPU.Build.0 = Debug|Any CPU
		{6A321CE4-251C-479F-BD14-A67614256E20}.360|x64.ActiveCfg = Release|Any CPU
		{6A321CE4-251C-479F-BD14-A67614256E20}.360|x64.Build.0 = Release|Any CPU
		{6A321CE4-251C-479F-BD14-A67614256E20}.360|x86.ActiveCfg = Release|Any CPU
		{6A321CE4-251C-479F-BD14-A67614256E20}.360|x86.Build.0 = Release|Any CPU
		{6A321CE4-251C-479F-BD14-A67614256E20}.360Release|Any CPU.ActiveCfg = Release|Any CPU
		{6A321CE4-251C-479F-BD14-A67614256E20}.360Release|Any CPU.Build.0 = Release|Any CPU
		{6A321CE4-251C-479F-BD14-A67614256E20}.360Release|x64.ActiveCfg = Release|Any CPU
		{6A321CE4-251C-479F-BD14-A67614256E20}.360Release|x64.Build.0 = Release|Any CPU
		{6A321CE4-251C-479F-BD14-A67614256E20}.360Release|x86.ActiveCfg = Release|Any CPU
		{6A321CE4-251C-479F-BD14-A67614256E20}.360Release|x86.Build.0 = Release|Any CPU
		{6A321CE4-251C-479F-BD14-A67614256E20}.Debug|Any CPU.ActiveCfg = Debug|Any CPU
		{6A321CE4-251C-479F-BD14-A67614256E20}.Debug|Any CPU.Build.0 = Debug|Any CPU
		{6A321CE4-251C-479F-BD14-A67614256E20}.Debug|x64.ActiveCfg = Release|Any CPU
		{6A321CE4-251C-479F-BD14-A67614256E20}.Debug|x64.Build.0 = Release|Any CPU
		{6A321CE4-251C-479F-BD14-A67614256E20}.Debug|x86.ActiveCfg = Debug|Any CPU
		{6A321CE4-251C-479F-BD14-A67614256E20}.Debug|x86.Build.0 = Debug|Any CPU
		{6A321CE4-251C-479F-BD14-A67614256E20}.One|Any CPU.ActiveCfg = Debug|Any CPU
		{6A321CE4-251C-479F-BD14-A67614256E20}.One|Any CPU.Build.0 = Debug|Any CPU
		{6A321CE4-251C-479F-BD14-A67614256E20}.One|x64.ActiveCfg = Debug|Any CPU
		{6A321CE4-251C-479F-BD14-A67614256E20}.One|x64.Build.0 = Debug|Any CPU
		{6A321CE4-251C-479F-BD14-A67614256E20}.One|x86.ActiveCfg = Release|Any CPU
		{6A321CE4-251C-479F-BD14-A67614256E20}.One|x86.Build.0 = Release|Any CPU
		{6A321CE4-251C-479F-BD14-A67614256E20}.OneRelease|Any CPU.ActiveCfg = Release|Any CPU
		{6A321CE4-251C-479F-BD14-A67614256E20}.OneRelease|Any CPU.Build.0 = Release|Any CPU
		{6A321CE4-251C-479F-BD14-A67614256E20}.OneRelease|x64.ActiveCfg = Release|Any CPU
		{6A321CE4-251C-479F-BD14-A67614256E20}.OneRelease|x64.Build.0 = Release|Any CPU
		{6A321CE4-251C-479F-BD14-A67614256E20}.OneRelease|x86.ActiveCfg = Release|Any CPU
		{6A321CE4-251C-479F-BD14-A67614256E20}.OneRelease|x86.Build.0 = Release|Any CPU
		{6A321CE4-251C-479F-BD14-A67614256E20}.Release|Any CPU.ActiveCfg = Release|Any CPU
		{6A321CE4-251C-479F-BD14-A67614256E20}.Release|Any CPU.Build.0 = Release|Any CPU
		{6A321CE4-251C-479F-BD14-A67614256E20}.Release|x64.ActiveCfg = Release|Any CPU
		{6A321CE4-251C-479F-BD14-A67614256E20}.Release|x64.Build.0 = Release|Any CPU
		{6A321CE4-251C-479F-BD14-A67614256E20}.Release|x86.ActiveCfg = Release|Any CPU
		{6A321CE4-251C-479F-BD14-A67614256E20}.Release|x86.Build.0 = Release|Any CPU
	EndGlobalSection
	GlobalSection(SolutionProperties) = preSolution
		HideSolutionNode = FALSE
	EndGlobalSection
	GlobalSection(ExtensibilityGlobals) = postSolution
		SolutionGuid = {58A02EE8-44E8-4735-87E2-0886EE23AEAE}
	EndGlobalSection
	GlobalSection(Performance) = preSolution
		HasPerformanceSessions = true
	EndGlobalSection
	GlobalSection(Performance) = preSolution
		HasPerformanceSessions = true
	EndGlobalSection
	GlobalSection(Performance) = preSolution
		HasPerformanceSessions = true
	EndGlobalSection
	GlobalSection(Performance) = preSolution
		HasPerformanceSessions = true
	EndGlobalSection
	GlobalSection(Performance) = preSolution
		HasPerformanceSessions = true
	EndGlobalSection
	GlobalSection(Performance) = preSolution
		HasPerformanceSessions = true
	EndGlobalSection
	GlobalSection(Performance) = preSolution
		HasPerformanceSessions = true
	EndGlobalSection
	GlobalSection(Performance) = preSolution
		HasPerformanceSessions = true
	EndGlobalSection
	GlobalSection(Performance) = preSolution
		HasPerformanceSessions = true
	EndGlobalSection
	GlobalSection(Performance) = preSolution
		HasPerformanceSessions = true
	EndGlobalSection
	GlobalSection(Performance) = preSolution
		HasPerformanceSessions = true
	EndGlobalSection
	GlobalSection(Performance) = preSolution
		HasPerformanceSessions = true
	EndGlobalSection
	GlobalSection(Performance) = preSolution
		HasPerformanceSessions = true
	EndGlobalSection
	GlobalSection(Performance) = preSolution
		HasPerformanceSessions = true
	EndGlobalSection
	GlobalSection(Performance) = preSolution
		HasPerformanceSessions = true
	EndGlobalSection
	GlobalSection(Performance) = preSolution
		HasPerformanceSessions = true
	EndGlobalSection
	GlobalSection(Performance) = preSolution
		HasPerformanceSessions = true
	EndGlobalSection
	GlobalSection(Performance) = preSolution
		HasPerformanceSessions = true
	EndGlobalSection
	GlobalSection(Performance) = preSolution
		HasPerformanceSessions = true
	EndGlobalSection
	GlobalSection(Performance) = preSolution
		HasPerformanceSessions = true
	EndGlobalSection
	GlobalSection(Performance) = preSolution
		HasPerformanceSessions = true
	EndGlobalSection
	GlobalSection(Performance) = preSolution
		HasPerformanceSessions = true
	EndGlobalSection
	GlobalSection(Performance) = preSolution
		HasPerformanceSessions = true
	EndGlobalSection
	GlobalSection(Performance) = preSolution
		HasPerformanceSessions = true
	EndGlobalSection
	GlobalSection(Performance) = preSolution
		HasPerformanceSessions = true
	EndGlobalSection
	GlobalSection(Performance) = preSolution
		HasPerformanceSessions = true
	EndGlobalSection
EndGlobal
